{
  "name": "memoization",
  "version": "1.0.0",
  "lockfileVersion": 2,
  "requires": true,
  "packages": {
    "": {
      "name": "memoization",
      "version": "1.0.0",
      "license": "ISC",
      "dependencies": {
        "ttl-cache": "^1.0.2"
      },
      "devDependencies": {
        "typescript": "^5.3.2"
      }
    },
    "node_modules/ttl-cache": {
      "version": "1.0.2",
      "resolved": "https://registry.npmjs.org/ttl-cache/-/ttl-cache-1.0.2.tgz",
      "integrity": "sha512-EALdEXrLnzZ17/I7bZWQ006kj09oZ/3WVe1+12ANe38Ef8uv/flDH+MTrINIir8GTu8O6jRj+9Jz7yoDi4ADPQ=="
    },
    "node_modules/typescript": {
      "version": "5.3.2",
      "resolved": "https://registry.npmjs.org/typescript/-/typescript-5.3.2.tgz",
      "integrity": "sha512-6l+RyNy7oAHDfxC4FzSJcz9vnjTKxrLpDG5M2Vu4SHRVNg6xzqZp6LYSR9zjqQTu8DU/f5xwxUdADOkbrIX2gQ==",
      "dev": true,
      "bin": {
        "tsc": "bin/tsc",
        "tsserver": "bin/tsserver"
      },
      "engines": {
        "node": ">=14.17"
      }
    }
  },
  "dependencies": {
    "ttl-cache": {
      "version": "1.0.2",
      "resolved": "https://registry.npmjs.org/ttl-cache/-/ttl-cache-1.0.2.tgz",
      "integrity": "sha512-EALdEXrLnzZ17/I7bZWQ006kj09oZ/3WVe1+12ANe38Ef8uv/flDH+MTrINIir8GTu8O6jRj+9Jz7yoDi4ADPQ=="
    },
    "typescript": {
      "version": "5.3.2",
      "resolved": "https://registry.npmjs.org/typescript/-/typescript-5.3.2.tgz",
      "integrity": "sha512-6l+RyNy7oAHDfxC4FzSJcz9vnjTKxrLpDG5M2Vu4SHRVNg6xzqZp6LYSR9zjqQTu8DU/f5xwxUdADOkbrIX2gQ==",
      "dev": true
    }
  }
}
